
Microsoft Visual Studio Solution File, Format Version 12.00
# Visual Studio 15
VisualStudioVersion = 15.0.26430.16
MinimumVisualStudioVersion = 10.0.40219.1
Project("{FAE04EC0-301F-11D3-BF4B-00C04F79EFBC}") = "XMLParsing.Android", "XMLParsing\XMLParsing.Android\XMLParsing.Android.csproj", "{24471492-950C-4E95-8C5D-24E6E36BF493}"
EndProject
Project("{FAE04EC0-301F-11D3-BF4B-00C04F79EFBC}") = "XMLParsing", "XMLParsing\XMLParsing\XMLParsing.csproj", "{E2392547-BA6B-4627-9D95-4C20A066CB06}"
EndProject
Project("{FAE04EC0-301F-11D3-BF4B-00C04F79EFBC}") = "XMLParsing.UWP", "XMLParsing\XMLParsing.UWP\XMLParsing.UWP.csproj", "{433FAA8B-93F7-41E9-AF5F-E878DC82942A}"
EndProject
Project("{FAE04EC0-301F-11D3-BF4B-00C04F79EFBC}") = "XMLParsing.iOS", "XMLParsing\XMLParsing.iOS\XMLParsing.iOS.csproj", "{D9569552-7890-4AF5-9E7B-DA506D22D79A}"
EndProject
Global
	GlobalSection(SolutionConfigurationPlatforms) = preSolution
		Ad-Hoc|Any CPU = Ad-Hoc|Any CPU
		Ad-Hoc|ARM = Ad-Hoc|ARM
		Ad-Hoc|iPhone = Ad-Hoc|iPhone
		Ad-Hoc|iPhoneSimulator = Ad-Hoc|iPhoneSimulator
		Ad-Hoc|x64 = Ad-Hoc|x64
		Ad-Hoc|x86 = Ad-Hoc|x86
		AppStore|Any CPU = AppStore|Any CPU
		AppStore|ARM = AppStore|ARM
		AppStore|iPhone = AppStore|iPhone
		AppStore|iPhoneSimulator = AppStore|iPhoneSimulator
		AppStore|x64 = AppStore|x64
		AppStore|x86 = AppStore|x86
		Debug|Any CPU = Debug|Any CPU
		Debug|ARM = Debug|ARM
		Debug|iPhone = Debug|iPhone
		Debug|iPhoneSimulator = Debug|iPhoneSimulator
		Debug|x64 = Debug|x64
		Debug|x86 = Debug|x86
		Release|Any CPU = Release|Any CPU
		Release|ARM = Release|ARM
		Release|iPhone = Release|iPhone
		Release|iPhoneSimulator = Release|iPhoneSimulator
		Release|x64 = Release|x64
		Release|x86 = Release|x86
	EndGlobalSection
	GlobalSection(ProjectConfigurationPlatforms) = postSolution
		{24471492-950C-4E95-8C5D-24E6E36BF493}.Ad-Hoc|Any CPU.ActiveCfg = Release|Any CPU
		{24471492-950C-4E95-8C5D-24E6E36BF493}.Ad-Hoc|Any CPU.Build.0 = Release|Any CPU
		{24471492-950C-4E95-8C5D-24E6E36BF493}.Ad-Hoc|Any CPU.Deploy.0 = Release|Any CPU
		{24471492-950C-4E95-8C5D-24E6E36BF493}.Ad-Hoc|ARM.ActiveCfg = Release|Any CPU
		{24471492-950C-4E95-8C5D-24E6E36BF493}.Ad-Hoc|ARM.Build.0 = Release|Any CPU
		{24471492-950C-4E95-8C5D-24E6E36BF493}.Ad-Hoc|ARM.Deploy.0 = Release|Any CPU
		{24471492-950C-4E95-8C5D-24E6E36BF493}.Ad-Hoc|iPhone.ActiveCfg = Release|Any CPU
		{24471492-950C-4E95-8C5D-24E6E36BF493}.Ad-Hoc|iPhone.Build.0 = Release|Any CPU
		{24471492-950C-4E95-8C5D-24E6E36BF493}.Ad-Hoc|iPhone.Deploy.0 = Release|Any CPU
		{24471492-950C-4E95-8C5D-24E6E36BF493}.Ad-Hoc|iPhoneSimulator.ActiveCfg = Release|Any CPU
		{24471492-950C-4E95-8C5D-24E6E36BF493}.Ad-Hoc|iPhoneSimulator.Build.0 = Release|Any CPU
		{24471492-950C-4E95-8C5D-24E6E36BF493}.Ad-Hoc|iPhoneSimulator.Deploy.0 = Release|Any CPU
		{24471492-950C-4E95-8C5D-24E6E36BF493}.Ad-Hoc|x64.ActiveCfg = Release|Any CPU
		{24471492-950C-4E95-8C5D-24E6E36BF493}.Ad-Hoc|x64.Build.0 = Release|Any CPU
		{24471492-950C-4E95-8C5D-24E6E36BF493}.Ad-Hoc|x64.Deploy.0 = Release|Any CPU
		{24471492-950C-4E95-8C5D-24E6E36BF493}.Ad-Hoc|x86.ActiveCfg = Release|Any CPU
		{24471492-950C-4E95-8C5D-24E6E36BF493}.Ad-Hoc|x86.Build.0 = Release|Any CPU
		{24471492-950C-4E95-8C5D-24E6E36BF493}.Ad-Hoc|x86.Deploy.0 = Release|Any CPU
		{24471492-950C-4E95-8C5D-24E6E36BF493}.AppStore|Any CPU.ActiveCfg = Release|Any CPU
		{24471492-950C-4E95-8C5D-24E6E36BF493}.AppStore|Any CPU.Build.0 = Release|Any CPU
		{24471492-950C-4E95-8C5D-24E6E36BF493}.AppStore|Any CPU.Deploy.0 = Release|Any CPU
		{24471492-950C-4E95-8C5D-24E6E36BF493}.AppStore|ARM.ActiveCfg = Release|Any CPU
		{24471492-950C-4E95-8C5D-24E6E36BF493}.AppStore|ARM.Build.0 = Release|Any CPU
		{24471492-950C-4E95-8C5D-24E6E36BF493}.AppStore|ARM.Deploy.0 = Release|Any CPU
		{24471492-950C-4E95-8C5D-24E6E36BF493}.AppStore|iPhone.ActiveCfg = Release|Any CPU
		{24471492-950C-4E95-8C5D-24E6E36BF493}.AppStore|iPhone.Build.0 = Release|Any CPU
		{24471492-950C-4E95-8C5D-24E6E36BF493}.AppStore|iPhone.Deploy.0 = Release|Any CPU
		{24471492-950C-4E95-8C5D-24E6E36BF493}.AppStore|iPhoneSimulator.ActiveCfg = Release|Any CPU
		{24471492-950C-4E95-8C5D-24E6E36BF493}.AppStore|iPhoneSimulator.Build.0 = Release|Any CPU
		{24471492-950C-4E95-8C5D-24E6E36BF493}.AppStore|iPhoneSimulator.Deploy.0 = Release|Any CPU
		{24471492-950C-4E95-8C5D-24E6E36BF493}.AppStore|x64.ActiveCfg = Release|Any CPU
		{24471492-950C-4E95-8C5D-24E6E36BF493}.AppStore|x64.Build.0 = Release|Any CPU
		{24471492-950C-4E95-8C5D-24E6E36BF493}.AppStore|x64.Deploy.0 = Release|Any CPU
		{24471492-950C-4E95-8C5D-24E6E36BF493}.AppStore|x86.ActiveCfg = Release|Any CPU
		{24471492-950C-4E95-8C5D-24E6E36BF493}.AppStore|x86.Build.0 = Release|Any CPU
		{24471492-950C-4E95-8C5D-24E6E36BF493}.AppStore|x86.Deploy.0 = Release|Any CPU
		{24471492-950C-4E95-8C5D-24E6E36BF493}.Debug|Any CPU.ActiveCfg = Debug|Any CPU
		{24471492-950C-4E95-8C5D-24E6E36BF493}.Debug|Any CPU.Build.0 = Debug|Any CPU
		{24471492-950C-4E95-8C5D-24E6E36BF493}.Debug|Any CPU.Deploy.0 = Debug|Any CPU
		{24471492-950C-4E95-8C5D-24E6E36BF493}.Debug|ARM.ActiveCfg = Debug|Any CPU
		{24471492-950C-4E95-8C5D-24E6E36BF493}.Debug|ARM.Build.0 = Debug|Any CPU
		{24471492-950C-4E95-8C5D-24E6E36BF493}.Debug|ARM.Deploy.0 = Debug|Any CPU
		{24471492-950C-4E95-8C5D-24E6E36BF493}.Debug|iPhone.ActiveCfg = Debug|Any CPU
		{24471492-950C-4E95-8C5D-24E6E36BF493}.Debug|iPhone.Build.0 = Debug|Any CPU
		{24471492-950C-4E95-8C5D-24E6E36BF493}.Debug|iPhone.Deploy.0 = Debug|Any CPU
		{24471492-950C-4E95-8C5D-24E6E36BF493}.Debug|iPhoneSimulator.ActiveCfg = Debug|Any CPU
		{24471492-950C-4E95-8C5D-24E6E36BF493}.Debug|iPhoneSimulator.Build.0 = Debug|Any CPU
		{24471492-950C-4E95-8C5D-24E6E36BF493}.Debug|iPhoneSimulator.Deploy.0 = Debug|Any CPU
		{24471492-950C-4E95-8C5D-24E6E36BF493}.Debug|x64.ActiveCfg = Debug|Any CPU
		{24471492-950C-4E95-8C5D-24E6E36BF493}.Debug|x64.Build.0 = Debug|Any CPU
		{24471492-950C-4E95-8C5D-24E6E36BF493}.Debug|x64.Deploy.0 = Debug|Any CPU
		{24471492-950C-4E95-8C5D-24E6E36BF493}.Debug|x86.ActiveCfg = Debug|Any CPU
		{24471492-950C-4E95-8C5D-24E6E36BF493}.Debug|x86.Build.0 = Debug|Any CPU
		{24471492-950C-4E95-8C5D-24E6E36BF493}.Debug|x86.Deploy.0 = Debug|Any CPU
		{24471492-950C-4E95-8C5D-24E6E36BF493}.Release|Any CPU.ActiveCfg = Release|Any CPU
		{24471492-950C-4E95-8C5D-24E6E36BF493}.Release|Any CPU.Build.0 = Release|Any CPU
		{24471492-950C-4E95-8C5D-24E6E36BF493}.Release|Any CPU.Deploy.0 = Release|Any CPU
		{24471492-950C-4E95-8C5D-24E6E36BF493}.Release|ARM.ActiveCfg = Release|Any CPU
		{24471492-950C-4E95-8C5D-24E6E36BF493}.Release|ARM.Build.0 = Release|Any CPU
		{24471492-950C-4E95-8C5D-24E6E36BF493}.Release|ARM.Deploy.0 = Release|Any CPU
		{24471492-950C-4E95-8C5D-24E6E36BF493}.Release|iPhone.ActiveCfg = Release|Any CPU
		{24471492-950C-4E95-8C5D-24E6E36BF493}.Release|iPhone.Build.0 = Release|Any CPU
		{24471492-950C-4E95-8C5D-24E6E36BF493}.Release|iPhone.Deploy.0 = Release|Any CPU
		{24471492-950C-4E95-8C5D-24E6E36BF493}.Release|iPhoneSimulator.ActiveCfg = Release|Any CPU
		{24471492-950C-4E95-8C5D-24E6E36BF493}.Release|iPhoneSimulator.Build.0 = Release|Any CPU
		{24471492-950C-4E95-8C5D-24E6E36BF493}.Release|iPhoneSimulator.Deploy.0 = Release|Any CPU
		{24471492-950C-4E95-8C5D-24E6E36BF493}.Release|x64.ActiveCfg = Release|Any CPU
		{24471492-950C-4E95-8C5D-24E6E36BF493}.Release|x64.Build.0 = Release|Any CPU
		{24471492-950C-4E95-8C5D-24E6E36BF493}.Release|x64.Deploy.0 = Release|Any CPU
		{24471492-950C-4E95-8C5D-24E6E36BF493}.Release|x86.ActiveCfg = Release|Any CPU
		{24471492-950C-4E95-8C5D-24E6E36BF493}.Release|x86.Build.0 = Release|Any CPU
		{24471492-950C-4E95-8C5D-24E6E36BF493}.Release|x86.Deploy.0 = Release|Any CPU
		{E2392547-BA6B-4627-9D95-4C20A066CB06}.Ad-Hoc|Any CPU.ActiveCfg = Release|Any CPU
		{E2392547-BA6B-4627-9D95-4C20A066CB06}.Ad-Hoc|Any CPU.Build.0 = Release|Any CPU
		{E2392547-BA6B-4627-9D95-4C20A066CB06}.Ad-Hoc|ARM.ActiveCfg = Release|Any CPU
		{E2392547-BA6B-4627-9D95-4C20A066CB06}.Ad-Hoc|ARM.Build.0 = Release|Any CPU
		{E2392547-BA6B-4627-9D95-4C20A066CB06}.Ad-Hoc|iPhone.ActiveCfg = Release|Any CPU
		{E2392547-BA6B-4627-9D95-4C20A066CB06}.Ad-Hoc|iPhone.Build.0 = Release|Any CPU
		{E2392547-BA6B-4627-9D95-4C20A066CB06}.Ad-Hoc|iPhoneSimulator.ActiveCfg = Release|Any CPU
		{E2392547-BA6B-4627-9D95-4C20A066CB06}.Ad-Hoc|iPhoneSimulator.Build.0 = Release|Any CPU
		{E2392547-BA6B-4627-9D95-4C20A066CB06}.Ad-Hoc|x64.ActiveCfg = Release|Any CPU
		{E2392547-BA6B-4627-9D95-4C20A066CB06}.Ad-Hoc|x64.Build.0 = Release|Any CPU
		{E2392547-BA6B-4627-9D95-4C20A066CB06}.Ad-Hoc|x86.ActiveCfg = Release|Any CPU
		{E2392547-BA6B-4627-9D95-4C20A066CB06}.Ad-Hoc|x86.Build.0 = Release|Any CPU
		{E2392547-BA6B-4627-9D95-4C20A066CB06}.AppStore|Any CPU.ActiveCfg = Release|Any CPU
		{E2392547-BA6B-4627-9D95-4C20A066CB06}.AppStore|Any CPU.Build.0 = Release|Any CPU
		{E2392547-BA6B-4627-9D95-4C20A066CB06}.AppStore|ARM.ActiveCfg = Release|Any CPU
		{E2392547-BA6B-4627-9D95-4C20A066CB06}.AppStore|ARM.Build.0 = Release|Any CPU
		{E2392547-BA6B-4627-9D95-4C20A066CB06}.AppStore|iPhone.ActiveCfg = Release|Any CPU
		{E2392547-BA6B-4627-9D95-4C20A066CB06}.AppStore|iPhone.Build.0 = Release|Any CPU
		{E2392547-BA6B-4627-9D95-4C20A066CB06}.AppStore|iPhoneSimulator.ActiveCfg = Release|Any CPU
		{E2392547-BA6B-4627-9D95-4C20A066CB06}.AppStore|iPhoneSimulator.Build.0 = Release|Any CPU
		{E2392547-BA6B-4627-9D95-4C20A066CB06}.AppStore|x64.ActiveCfg = Release|Any CPU
		{E2392547-BA6B-4627-9D95-4C20A066CB06}.AppStore|x64.Build.0 = Release|Any CPU
		{E2392547-BA6B-4627-9D95-4C20A066CB06}.AppStore|x86.ActiveCfg = Release|Any CPU
		{E2392547-BA6B-4627-9D95-4C20A066CB06}.AppStore|x86.Build.0 = Release|Any CPU
		{E2392547-BA6B-4627-9D95-4C20A066CB06}.Debug|Any CPU.ActiveCfg = Debug|Any CPU
		{E2392547-BA6B-4627-9D95-4C20A066CB06}.Debug|Any CPU.Build.0 = Debug|Any CPU
		{E2392547-BA6B-4627-9D95-4C20A066CB06}.Debug|ARM.ActiveCfg = Debug|Any CPU
		{E2392547-BA6B-4627-9D95-4C20A066CB06}.Debug|ARM.Build.0 = Debug|Any CPU
		{E2392547-BA6B-4627-9D95-4C20A066CB06}.Debug|iPhone.ActiveCfg = Debug|Any CPU
		{E2392547-BA6B-4627-9D95-4C20A066CB06}.Debug|iPhone.Build.0 = Debug|Any CPU
		{E2392547-BA6B-4627-9D95-4C20A066CB06}.Debug|iPhoneSimulator.ActiveCfg = Debug|Any CPU
		{E2392547-BA6B-4627-9D95-4C20A066CB06}.Debug|iPhoneSimulator.Build.0 = Debug|Any CPU
		{E2392547-BA6B-4627-9D95-4C20A066CB06}.Debug|x64.ActiveCfg = Debug|Any CPU
		{E2392547-BA6B-4627-9D95-4C20A066CB06}.Debug|x64.Build.0 = Debug|Any CPU
		{E2392547-BA6B-4627-9D95-4C20A066CB06}.Debug|x86.ActiveCfg = Debug|Any CPU
		{E2392547-BA6B-4627-9D95-4C20A066CB06}.Debug|x86.Build.0 = Debug|Any CPU
		{E2392547-BA6B-4627-9D95-4C20A066CB06}.Release|Any CPU.ActiveCfg = Release|Any CPU
		{E2392547-BA6B-4627-9D95-4C20A066CB06}.Release|Any CPU.Build.0 = Release|Any CPU
		{E2392547-BA6B-4627-9D95-4C20A066CB06}.Release|ARM.ActiveCfg = Release|Any CPU
		{E2392547-BA6B-4627-9D95-4C20A066CB06}.Release|ARM.Build.0 = Release|Any CPU
		{E2392547-BA6B-4627-9D95-4C20A066CB06}.Release|iPhone.ActiveCfg = Release|Any CPU
		{E2392547-BA6B-4627-9D95-4C20A066CB06}.Release|iPhone.Build.0 = Release|Any CPU
		{E2392547-BA6B-4627-9D95-4C20A066CB06}.Release|iPhoneSimulator.ActiveCfg = Release|Any CPU
		{E2392547-BA6B-4627-9D95-4C20A066CB06}.Release|iPhoneSimulator.Build.0 = Release|Any CPU
		{E2392547-BA6B-4627-9D95-4C20A066CB06}.Release|x64.ActiveCfg = Release|Any CPU
		{E2392547-BA6B-4627-9D95-4C20A066CB06}.Release|x64.Build.0 = Release|Any CPU
		{E2392547-BA6B-4627-9D95-4C20A066CB06}.Release|x86.ActiveCfg = Release|Any CPU
		{E2392547-BA6B-4627-9D95-4C20A066CB06}.Release|x86.Build.0 = Release|Any CPU
		{433FAA8B-93F7-41E9-AF5F-E878DC82942A}.Ad-Hoc|Any CPU.ActiveCfg = Release|x86
		{433FAA8B-93F7-41E9-AF5F-E878DC82942A}.Ad-Hoc|Any CPU.Build.0 = Release|x86
		{433FAA8B-93F7-41E9-AF5F-E878DC82942A}.Ad-Hoc|Any CPU.Deploy.0 = Release|x86
		{433FAA8B-93F7-41E9-AF5F-E878DC82942A}.Ad-Hoc|ARM.ActiveCfg = Release|ARM
		{433FAA8B-93F7-41E9-AF5F-E878DC82942A}.Ad-Hoc|ARM.Build.0 = Release|ARM
		{433FAA8B-93F7-41E9-AF5F-E878DC82942A}.Ad-Hoc|ARM.Deploy.0 = Release|ARM
		{433FAA8B-93F7-41E9-AF5F-E878DC82942A}.Ad-Hoc|iPhone.ActiveCfg = Release|x86
		{433FAA8B-93F7-41E9-AF5F-E878DC82942A}.Ad-Hoc|iPhone.Build.0 = Release|x86
		{433FAA8B-93F7-41E9-AF5F-E878DC82942A}.Ad-Hoc|iPhone.Deploy.0 = Release|x86
		{433FAA8B-93F7-41E9-AF5F-E878DC82942A}.Ad-Hoc|iPhoneSimulator.ActiveCfg = Release|x86
		{433FAA8B-93F7-41E9-AF5F-E878DC82942A}.Ad-Hoc|iPhoneSimulator.Build.0 = Release|x86
		{433FAA8B-93F7-41E9-AF5F-E878DC82942A}.Ad-Hoc|iPhoneSimulator.Deploy.0 = Release|x86
		{433FAA8B-93F7-41E9-AF5F-E878DC82942A}.Ad-Hoc|x64.ActiveCfg = Release|x64
		{433FAA8B-93F7-41E9-AF5F-E878DC82942A}.Ad-Hoc|x64.Build.0 = Release|x64
		{433FAA8B-93F7-41E9-AF5F-E878DC82942A}.Ad-Hoc|x64.Deploy.0 = Release|x64
		{433FAA8B-93F7-41E9-AF5F-E878DC82942A}.Ad-Hoc|x86.ActiveCfg = Release|x86
		{433FAA8B-93F7-41E9-AF5F-E878DC82942A}.Ad-Hoc|x86.Build.0 = Release|x86
		{433FAA8B-93F7-41E9-AF5F-E878DC82942A}.Ad-Hoc|x86.Deploy.0 = Release|x86
		{433FAA8B-93F7-41E9-AF5F-E878DC82942A}.AppStore|Any CPU.ActiveCfg = Release|x86
		{433FAA8B-93F7-41E9-AF5F-E878DC82942A}.AppStore|Any CPU.Build.0 = Release|x86
		{433FAA8B-93F7-41E9-AF5F-E878DC82942A}.AppStore|Any CPU.Deploy.0 = Release|x86
		{433FAA8B-93F7-41E9-AF5F-E878DC82942A}.AppStore|ARM.ActiveCfg = Release|ARM
		{433FAA8B-93F7-41E9-AF5F-E878DC82942A}.AppStore|ARM.Build.0 = Release|ARM
		{433FAA8B-93F7-41E9-AF5F-E878DC82942A}.AppStore|ARM.Deploy.0 = Release|ARM
		{433FAA8B-93F7-41E9-AF5F-E878DC82942A}.AppStore|iPhone.ActiveCfg = Release|x86
		{433FAA8B-93F7-41E9-AF5F-E878DC82942A}.AppStore|iPhone.Build.0 = Release|x86
		{433FAA8B-93F7-41E9-AF5F-E878DC82942A}.AppStore|iPhone.Deploy.0 = Release|x86
		{433FAA8B-93F7-41E9-AF5F-E878DC82942A}.AppStore|iPhoneSimulator.ActiveCfg = Release|x86
		{433FAA8B-93F7-41E9-AF5F-E878DC82942A}.AppStore|iPhoneSimulator.Build.0 = Release|x86
		{433FAA8B-93F7-41E9-AF5F-E878DC82942A}.AppStore|iPhoneSimulator.Deploy.0 = Release|x86
		{433FAA8B-93F7-41E9-AF5F-E878DC82942A}.AppStore|x64.ActiveCfg = Release|x64
		{433FAA8B-93F7-41E9-AF5F-E878DC82942A}.AppStore|x64.Build.0 = Release|x64
		{433FAA8B-93F7-41E9-AF5F-E878DC82942A}.AppStore|x64.Deploy.0 = Release|x64
		{433FAA8B-93F7-41E9-AF5F-E878DC82942A}.AppStore|x86.ActiveCfg = Release|x86
		{433FAA8B-93F7-41E9-AF5F-E878DC82942A}.AppStore|x86.Build.0 = Release|x86
		{433FAA8B-93F7-41E9-AF5F-E878DC82942A}.AppStore|x86.Deploy.0 = Release|x86
		{433FAA8B-93F7-41E9-AF5F-E878DC82942A}.Debug|Any CPU.ActiveCfg = Debug|x86
		{433FAA8B-93F7-41E9-AF5F-E878DC82942A}.Debug|ARM.ActiveCfg = Debug|ARM
		{433FAA8B-93F7-41E9-AF5F-E878DC82942A}.Debug|ARM.Build.0 = Debug|ARM
		{433FAA8B-93F7-41E9-AF5F-E878DC82942A}.Debug|ARM.Deploy.0 = Debug|ARM
		{433FAA8B-93F7-41E9-AF5F-E878DC82942A}.Debug|iPhone.ActiveCfg = Debug|x86
		{433FAA8B-93F7-41E9-AF5F-E878DC82942A}.Debug|iPhoneSimulator.ActiveCfg = Debug|x86
		{433FAA8B-93F7-41E9-AF5F-E878DC82942A}.Debug|x64.ActiveCfg = Debug|x64
		{433FAA8B-93F7-41E9-AF5F-E878DC82942A}.Debug|x64.Build.0 = Debug|x64
		{433FAA8B-93F7-41E9-AF5F-E878DC82942A}.Debug|x64.Deploy.0 = Debug|x64
		{433FAA8B-93F7-41E9-AF5F-E878DC82942A}.Debug|x86.ActiveCfg = Debug|x86
		{433FAA8B-93F7-41E9-AF5F-E878DC82942A}.Debug|x86.Build.0 = Debug|x86
		{433FAA8B-93F7-41E9-AF5F-E878DC82942A}.Debug|x86.Deploy.0 = Debug|x86
		{433FAA8B-93F7-41E9-AF5F-E878DC82942A}.Release|Any CPU.ActiveCfg = Release|x86
		{433FAA8B-93F7-41E9-AF5F-E878DC82942A}.Release|ARM.ActiveCfg = Release|ARM
		{433FAA8B-93F7-41E9-AF5F-E878DC82942A}.Release|ARM.Build.0 = Release|ARM
		{433FAA8B-93F7-41E9-AF5F-E878DC82942A}.Release|ARM.Deploy.0 = Release|ARM
		{433FAA8B-93F7-41E9-AF5F-E878DC82942A}.Release|iPhone.ActiveCfg = Release|x86
		{433FAA8B-93F7-41E9-AF5F-E878DC82942A}.Release|iPhoneSimulator.ActiveCfg = Release|x86
		{433FAA8B-93F7-41E9-AF5F-E878DC82942A}.Release|x64.ActiveCfg = Release|x64
		{433FAA8B-93F7-41E9-AF5F-E878DC82942A}.Release|x64.Build.0 = Release|x64
		{433FAA8B-93F7-41E9-AF5F-E878DC82942A}.Release|x64.Deploy.0 = Release|x64
		{433FAA8B-93F7-41E9-AF5F-E878DC82942A}.Release|x86.ActiveCfg = Release|x86
		{433FAA8B-93F7-41E9-AF5F-E878DC82942A}.Release|x86.Build.0 = Release|x86
		{433FAA8B-93F7-41E9-AF5F-E878DC82942A}.Release|x86.Deploy.0 = Release|x86
		{D9569552-7890-4AF5-9E7B-DA506D22D79A}.Ad-Hoc|Any CPU.ActiveCfg = Ad-Hoc|iPhone
		{D9569552-7890-4AF5-9E7B-DA506D22D79A}.Ad-Hoc|ARM.ActiveCfg = Ad-Hoc|iPhone
		{D9569552-7890-4AF5-9E7B-DA506D22D79A}.Ad-Hoc|iPhone.ActiveCfg = Ad-Hoc|iPhone
		{D9569552-7890-4AF5-9E7B-DA506D22D79A}.Ad-Hoc|iPhone.Build.0 = Ad-Hoc|iPhone
		{D9569552-7890-4AF5-9E7B-DA506D22D79A}.Ad-Hoc|iPhoneSimulator.ActiveCfg = Ad-Hoc|iPhoneSimulator
		{D9569552-7890-4AF5-9E7B-DA506D22D79A}.Ad-Hoc|iPhoneSimulator.Build.0 = Ad-Hoc|iPhoneSimulator
		{D9569552-7890-4AF5-9E7B-DA506D22D79A}.Ad-Hoc|x64.ActiveCfg = Ad-Hoc|iPhone
		{D9569552-7890-4AF5-9E7B-DA506D22D79A}.Ad-Hoc|x86.ActiveCfg = Ad-Hoc|iPhone
		{D9569552-7890-4AF5-9E7B-DA506D22D79A}.AppStore|Any CPU.ActiveCfg = AppStore|iPhone
		{D9569552-7890-4AF5-9E7B-DA506D22D79A}.AppStore|ARM.ActiveCfg = AppStore|iPhone
		{D9569552-7890-4AF5-9E7B-DA506D22D79A}.AppStore|iPhone.ActiveCfg = AppStore|iPhone
		{D9569552-7890-4AF5-9E7B-DA506D22D79A}.AppStore|iPhone.Build.0 = AppStore|iPhone
		{D9569552-7890-4AF5-9E7B-DA506D22D79A}.AppStore|iPhoneSimulator.ActiveCfg = AppStore|iPhoneSimulator
		{D9569552-7890-4AF5-9E7B-DA506D22D79A}.AppStore|iPhoneSimulator.Build.0 = AppStore|iPhoneSimulator
		{D9569552-7890-4AF5-9E7B-DA506D22D79A}.AppStore|x64.ActiveCfg = AppStore|iPhone
		{D9569552-7890-4AF5-9E7B-DA506D22D79A}.AppStore|x86.ActiveCfg = AppStore|iPhone
		{D9569552-7890-4AF5-9E7B-DA506D22D79A}.Debug|Any CPU.ActiveCfg = Debug|iPhone
		{D9569552-7890-4AF5-9E7B-DA506D22D79A}.Debug|ARM.ActiveCfg = Debug|iPhone
		{D9569552-7890-4AF5-9E7B-DA506D22D79A}.Debug|iPhone.ActiveCfg = Debug|iPhone
		{D9569552-7890-4AF5-9E7B-DA506D22D79A}.Debug|iPhone.Build.0 = Debug|iPhone
		{D9569552-7890-4AF5-9E7B-DA506D22D79A}.Debug|iPhoneSimulator.ActiveCfg = Debug|iPhoneSimulator
		{D9569552-7890-4AF5-9E7B-DA506D22D79A}.Debug|iPhoneSimulator.Build.0 = Debug|iPhoneSimulator
		{D9569552-7890-4AF5-9E7B-DA506D22D79A}.Debug|x64.ActiveCfg = Debug|iPhone
		{D9569552-7890-4AF5-9E7B-DA506D22D79A}.Debug|x86.ActiveCfg = Debug|iPhone
		{D9569552-7890-4AF5-9E7B-DA506D22D79A}.Release|Any CPU.ActiveCfg = Release|iPhone
		{D9569552-7890-4AF5-9E7B-DA506D22D79A}.Release|ARM.ActiveCfg = Release|iPhone
		{D9569552-7890-4AF5-9E7B-DA506D22D79A}.Release|iPhone.ActiveCfg = Release|iPhone
		{D9569552-7890-4AF5-9E7B-DA506D22D79A}.Release|iPhone.Build.0 = Release|iPhone
		{D9569552-7890-4AF5-9E7B-DA506D22D79A}.Release|iPhoneSimulator.ActiveCfg = Release|iPhoneSimulator
		{D9569552-7890-4AF5-9E7B-DA506D22D79A}.Release|iPhoneSimulator.Build.0 = Release|iPhoneSimulator
		{D9569552-7890-4AF5-9E7B-DA506D22D79A}.Release|x64.ActiveCfg = Release|iPhone
		{D9569552-7890-4AF5-9E7B-DA506D22D79A}.Release|x86.ActiveCfg = Release|iPhone
	EndGlobalSection
	GlobalSection(SolutionProperties) = preSolution
		HideSolutionNode = FALSE
	EndGlobalSection
EndGlobal
